
Microsoft Visual Studio Solution File, Format Version 12.00
# Visual Studio Version 17
VisualStudioVersion = 17.9.34728.123
MinimumVisualStudioVersion = 10.0.40219.1
Project("{9A19103F-16F7-4668-BE54-9A1E7A4F7556}") = "TDM_Selenium", "TDM_Selenium.csproj", "{E03F9E73-3BF6-49E8-98DC-39AF328CB8CC}"
EndProject
Global
	GlobalSection(SolutionConfigurationPlatforms) = preSolution
		Debug|Any CPU = Debug|Any CPU
		Release|Any CPU = Release|Any CPU
	EndGlobalSection
	GlobalSection(ProjectConfigurationPlatforms) = postSolution
		{E03F9E73-3BF6-49E8-98DC-39AF328CB8CC}.Debug|Any CPU.ActiveCfg = Debug|Any CPU
		{E03F9E73-3BF6-49E8-98DC-39AF328CB8CC}.Debug|Any CPU.Build.0 = Debug|Any CPU
		{E03F9E73-3BF6-49E8-98DC-39AF328CB8CC}.Release|Any CPU.ActiveCfg = Release|Any CPU
		{E03F9E73-3BF6-49E8-98DC-39AF328CB8CC}.Release|Any CPU.Build.0 = Release|Any CPU
	EndGlobalSection
	GlobalSection(SolutionProperties) = preSolution
		HideSolutionNode = FALSE
	EndGlobalSection
	GlobalSection(ExtensibilityGlobals) = postSolution
		SolutionGuid = {D1573142-285E-4D63-96CF-4D46D5B6A28E}
	EndGlobalSection
EndGlobal
